// !$*UTF8*$!
{
	archiveVersion = 1;
	classes = {
	};
	objectVersion = 46;
	objects = {

/* Begin PBXBuildFile section */
		03318D771DC519D0001F121A /* AppDelegate.swift in Sources */ = {isa = PBXBuildFile; fileRef = 03318D761DC519D0001F121A /* AppDelegate.swift */; };
		03318D791DC519D0001F121A /* ViewController.swift in Sources */ = {isa = PBXBuildFile; fileRef = 03318D781DC519D0001F121A /* ViewController.swift */; };
		03318D7C1DC519D0001F121A /* Main.storyboard in Resources */ = {isa = PBXBuildFile; fileRef = 03318D7A1DC519D0001F121A /* Main.storyboard */; };
		03318D7E1DC519D0001F121A /* Assets.xcassets in Resources */ = {isa = PBXBuildFile; fileRef = 03318D7D1DC519D0001F121A /* Assets.xcassets */; };
		03318D811DC519D0001F121A /* LaunchScreen.storyboard in Resources */ = {isa = PBXBuildFile; fileRef = 03318D7F1DC519D0001F121A /* LaunchScreen.storyboard */; };
/* End PBXBuildFile section */

/* Begin PBXFileReference section */
		03318D731DC519D0001F121A /* Swifter.app */ = {isa = PBXFileReference; explicitFileType = wrapper.application; includeInIndex = 0; path = Swifter.app; sourceTree = BUILT_PRODUCTS_DIR; };
		03318D761DC519D0001F121A /* AppDelegate.swift */ = {isa = PBXFileReference; lastKnownFileType = sourcecode.swift; path = AppDelegate.swift; sourceTree = "<group>"; };
		03318D781DC519D0001F121A /* ViewController.swift */ = {isa = PBXFileReference; lastKnownFileType = sourcecode.swift; path = ViewController.swift; sourceTree = "<group>"; };
		03318D7B1DC519D0001F121A /* Base */ = {isa = PBXFileReference; lastKnownFileType = file.storyboard; name = Base; path = Base.lproj/Main.storyboard; sourceTree = "<group>"; };
		03318D7D1DC519D0001F121A /* Assets.xcassets */ = {isa = PBXFileReference; lastKnownFileType = folder.assetcatalog; path = Assets.xcassets; sourceTree = "<group>"; };
		03318D801DC519D0001F121A /* Base */ = {isa = PBXFileReference; lastKnownFileType = file.storyboard; name = Base; path = Base.lproj/LaunchScreen.storyboard; sourceTree = "<group>"; };
		03318D821DC519D0001F121A /* Info.plist */ = {isa = PBXFileReference; lastKnownFileType = text.plist.xml; path = Info.plist; sourceTree = "<group>"; };
/* End PBXFileReference section */

/* Begin PBXFrameworksBuildPhase section */
		03318D701DC519D0001F121A /* Frameworks */ = {
			isa = PBXFrameworksBuildPhase;
			buildActionMask = 2147483647;
			files = (
			);
			runOnlyForDeploymentPostprocessing = 0;
		};
/* End PBXFrameworksBuildPhase section */

/* Begin PBXGroup section */
		03318D6A1DC519D0001F121A = {
			isa = PBXGroup;
			children = (
				03318D751DC519D0001F121A /* Swifter */,
				03318D741DC519D0001F121A /* Products */,
			);
			sourceTree = "<group>";
		};
		03318D741DC519D0001F121A /* Products */ = {
			isa = PBXGroup;
			children = (
				03318D731DC519D0001F121A /* Swifter.app */,
			);
			name = Products;
			sourceTree = "<group>";
		};
		03318D751DC519D0001F121A /* Swifter */ = {
			isa = PBXGroup;
			children = (
				03318D761DC519D0001F121A /* AppDelegate.swift */,
				03318D781DC519D0001F121A /* ViewController.swift */,
				03318D7A1DC519D0001F121A /* Main.storyboard */,
				03318D7D1DC519D0001F121A /* Assets.xcassets */,
				03318D7F1DC519D0001F121A /* LaunchScreen.storyboard */,
				03318D821DC519D0001F121A /* Info.plist */,
			);
			path = Swifter;
			sourceTree = "<group>";
		};
/* End PBXGroup section */

/* Begin PBXNativeTarget section */
		03318D721DC519D0001F121A /* Swifter */ = {
			isa = PBXNativeTarget;
			buildConfigurationList = 03318D851DC519D0001F121A /* Build configuration list for PBXNativeTarget "Swifter" */;
			buildPhases = (
				03318D6F1DC519D0001F121A /* Sources */,
				03318D701DC519D0001F121A /* Frameworks */,
				03318D711DC519D0001F121A /* Resources */,
			);
			buildRules = (
			);
			dependencies = (
			);
			name = Swifter;
			productName = Swifter;
			productReference = 03318D731DC519D0001F121A /* Swifter.app */;
			productType = "com.apple.product-type.application";
		};
/* End PBXNativeTarget section */

/* Begin PBXProject section */
		03318D6B1DC519D0001F121A /* Project object */ = {
			isa = PBXProject;
			attributes = {
				LastSwiftUpdateCheck = 0810;
				LastUpgradeCheck = 0810;
				ORGANIZATIONNAME = "D Conway";
				TargetAttributes = {
					03318D721DC519D0001F121A = {
						CreatedOnToolsVersion = 8.1;
						DevelopmentTeam = X3MF58BS4U;
						ProvisioningStyle = Automatic;
					};
				};
			};
			buildConfigurationList = 03318D6E1DC519D0001F121A /* Build configuration list for PBXProject "Swifter" */;
			compatibilityVersion = "Xcode 3.2";
			developmentRegion = English;
			hasScannedForEncodings = 0;
			knownRegions = (
				en,
				Base,
			);
			mainGroup = 03318D6A1DC519D0001F121A;
			productRefGroup = 03318D741DC519D0001F121A /* Products */;
			projectDirPath = "";
			projectRoot = "";
			targets = (
				03318D721DC519D0001F121A /* Swifter */,
			);
		};
/* End PBXProject section */

/* Begin PBXResourcesBuildPhase section */
		03318D711DC519D0001F121A /* Resources */ = {
			isa = PBXResourcesBuildPhase;
			buildActionMask = 2147483647;
			files = (
				03318D811DC519D0001F121A /* LaunchScreen.storyboard in Resources */,
				03318D7E1DC519D0001F121A /* Assets.xcassets in Resources */,
				03318D7C1DC519D0001F121A /* Main.storyboard in Resources */,
			);
			runOnlyForDeploymentPostprocessing = 0;
		};
/* End PBXResourcesBuildPhase section */

/* Begin PBXSourcesBuildPhase section */
		03318D6F1DC519D0001F121A /* Sources */ = {
			isa = PBXSourcesBuildPhase;
			buildActionMask = 2147483647;
			files = (
				03318D791DC519D0001F121A /* ViewController.swift in Sources */,
				03318D771DC519D0001F121A /* AppDelegate.swift in Sources */,
			);
			runOnlyForDeploymentPostprocessing = 0;
		};
/* End PBXSourcesBuildPhase section */

/* Begin PBXVariantGroup section */
		03318D7A1DC519D0001F121A /* Main.storyboard */ = {
			isa = PBXVariantGroup;
			children = (
				03318D7B1DC519D0001F121A /* Base */,
			);
			name = Main.storyboard;
			sourceTree = "<group>";
		};
		03318D7F1DC519D0001F121A /* LaunchScreen.storyboard */ = {
			isa = PBXVariantGroup;
			children = (
				03318D801DC519D0001F121A /* Base */,
			);
			name = LaunchScreen.storyboard;
			sourceTree = "<group>";
		};
/* End PBXVariantGroup section */

/* Begin XCBuildConfiguration section */
		03318D831DC519D0001F121A /* Debug */ = {
			isa = XCBuildConfiguration;
			buildSettings = {
				ALWAYS_SEARCH_USER_PATHS = NO;
				CLANG_ANALYZER_NONNULL = YES;
				CLANG_CXX_LANGUAGE_STANDARD = "gnu++0x";
				CLANG_CXX_LIBRARY = "libc++";
				CLANG_ENABLE_MODULES = YES;
				CLANG_ENABLE_OBJC_ARC = YES;
				CLANG_WARN_BOOL_CONVERSION = YES;
				CLANG_WARN_CONSTANT_CONVERSION = YES;
				CLANG_WARN_DIRECT_OBJC_ISA_USAGE = YES_ERROR;
				CLANG_WARN_DOCUMENTATION_COMMENTS = YES;
				CLANG_WARN_EMPTY_BODY = YES;
				CLANG_WARN_ENUM_CONVERSION = YES;
				CLANG_WARN_INFINITE_RECURSION = YES;
				CLANG_WARN_INT_CONVERSION = YES;
				CLANG_WARN_OBJC_ROOT_CLASS = YES_ERROR;
				CLANG_WARN_SUSPICIOUS_MOVES = YES;
				CLANG_WARN_UNREACHABLE_CODE = YES;
				CLANG_WARN__DUPLICATE_METHOD_MATCH = YES;
				"CODE_SIGN_IDENTITY[sdk=iphoneos*]" = "iPhone Developer";
				COPY_PHASE_STRIP = NO;
				DEBUG_INFORMATION_FORMAT = dwarf;
				ENABLE_STRICT_OBJC_MSGSEND = YES;
				ENABLE_TESTABILITY = YES;
				GCC_C_LANGUAGE_STANDARD = gnu99;
				GCC_DYNAMIC_NO_PIC = NO;
				GCC_NO_COMMON_BLOCKS = YES;
				GCC_OPTIMIZATION_LEVEL = 0;
				GCC_PREPROCESSOR_DEFINITIONS = (
					"DEBUG=1",
					"$(inherited)",
				);
				GCC_WARN_64_TO_32_BIT_CONVERSION = YES;
				GCC_WARN_ABOUT_RETURN_TYPE = YES_ERROR;
				GCC_WARN_UNDECLARED_SELECTOR = YES;
				GCC_WARN_UNINITIALIZED_AUTOS = YES_AGGRESSIVE;
				GCC_WARN_UNUSED_FUNCTION = YES;
				GCC_WARN_UNUSED_VARIABLE = YES;
				IPHONEOS_DEPLOYMENT_TARGET = 10.1;
				MTL_ENABLE_DEBUG_INFO = YES;
				ONLY_ACTIVE_ARCH = YES;
				SDKROOT = iphoneos;
				SWIFT_ACTIVE_COMPILATION_CONDITIONS = DEBUG;
				SWIFT_OPTIMIZATION_LEVEL = "-Onone";
			};
			name = Debug;
		};
		03318D841DC519D0001F121A /* Release */ = {
			isa = XCBuildConfiguration;
			buildSettings = {
				ALWAYS_SEARCH_USER_PATHS = NO;
				CLANG_ANALYZER_NONNULL = YES;
				CLANG_CXX_LANGUAGE_STANDARD = "gnu++0x";
				CLANG_CXX_LIBRARY = "libc++";
				CLANG_ENABLE_MODULES = YES;
				CLANG_ENABLE_OBJC_ARC = YES;
				CLANG_WARN_BOOL_CONVERSION = YES;
				CLANG_WARN_CONSTANT_CONVERSION = YES;
				CLANG_WARN_DIRECT_OBJC_ISA_USAGE = YES_ERROR;
				CLANG_WARN_DOCUMENTATION_COMMENTS = YES;
				CLANG_WARN_EMPTY_BODY = YES;
				CLANG_WARN_ENUM_CONVERSION = YES;
				CLANG_WARN_INFINITE_RECURSION = YES;
				CLANG_WARN_INT_CONVERSION = YES;
				CLANG_WARN_OBJC_ROOT_CLASS = YES_ERROR;
				CLANG_WARN_SUSPICIOUS_MOVES = YES;
				CLANG_WARN_UNREACHABLE_CODE = YES;
				CLANG_WARN__DUPLICATE_METHOD_MATCH = YES;
				"CODE_SIGN_IDENTITY[sdk=iphoneos*]" = "iPhone Developer";
				COPY_PHASE_STRIP = NO;
				DEBUG_INFORMATION_FORMAT = "dwarf-with-dsym";
				ENABLE_NS_ASSERTIONS = NO;
				ENABLE_STRICT_OBJC_MSGSEND = YES;
				GCC_C_LANGUAGE_STANDARD = gnu99;
				GCC_NO_COMMON_BLOCKS = YES;
				GCC_WARN_64_TO_32_BIT_CONVERSION = YES;
				GCC_WARN_ABOUT_RETURN_TYPE = YES_ERROR;
				GCC_WARN_UNDECLARED_SELECTOR = YES;
				GCC_WARN_UNINITIALIZED_AUTOS = YES_AGGRESSIVE;
				GCC_WARN_UNUSED_FUNCTION = YES;
				GCC_WARN_UNUSED_VARIABLE = YES;
				IPHONEOS_DEPLOYMENT_TARGET = 10.1;
				MTL_ENABLE_DEBUG_INFO = NO;
				SDKROOT = iphoneos;
				SWIFT_OPTIMIZATION_LEVEL = "-Owholemodule";
				VALIDATE_PRODUCT = YES;
			};
			name = Release;
		};
		03318D861DC519D0001F121A /* Debug */ = {
			isa = XCBuildConfiguration;
			buildSettings = {
				ASSETCATALOG_COMPILER_APPICON_NAME = AppIcon;
				DEVELOPMENT_TEAM = X3MF58BS4U;
				INFOPLIST_FILE = Swifter/Info.plist;
				LD_RUNPATH_SEARCH_PATHS = "$(inherited) @executable_path/Frameworks";
				PRODUCT_BUNDLE_IDENTIFIER = com.Derek.Swifter;
				PRODUCT_NAME = "$(TARGET_NAME)";
				SWIFT_VERSION = 3.0;
			};
			name = Debug;
		};
		03318D871DC519D0001F121A /* Release */ = {
			isa = XCBuildConfiguration;
			buildSettings = {
				ASSETCATALOG_COMPILER_APPICON_NAME = AppIcon;
				DEVELOPMENT_TEAM = X3MF58BS4U;
				INFOPLIST_FILE = Swifter/Info.plist;
				LD_RUNPATH_SEARCH_PATHS = "$(inherited) @executable_path/Frameworks";
				PRODUCT_BUNDLE_IDENTIFIER = com.Derek.Swifter;
				PRODUCT_NAME = "$(TARGET_NAME)";
				SWIFT_VERSION = 3.0;
			};
			name = Release;
		};
/* End XCBuildConfiguration section */

/* Begin XCConfigurationList section */
		03318D6E1DC519D0001F121A /* Build configuration list for PBXProject "Swifter" */ = {
			isa = XCConfigurationList;
			buildConfigurations = (
				03318D831DC519D0001F121A /* Debug */,
				03318D841DC519D0001F121A /* Release */,
			);
			defaultConfigurationIsVisible = 0;
			defaultConfigurationName = Release;
		};
		03318D851DC519D0001F121A /* Build configuration list for PBXNativeTarget "Swifter" */ = {
			isa = XCConfigurationList;
			buildConfigurations = (
				03318D861DC519D0001F121A /* Debug */,
				03318D871DC519D0001F121A /* Release */,
			);
			defaultConfigurationIsVisible = 0;
		};
/* End XCConfigurationList section */
	};
	rootObject = 03318D6B1DC519D0001F121A /* Project object */;
}
